
Microsoft Visual Studio Solution File, Format Version 12.00
# Visual Studio 15
VisualStudioVersion = 15.0.25920.0
MinimumVisualStudioVersion = 10.0.40219.1
Project("{FAE04EC0-301F-11D3-BF4B-00C04F79EFBC}") = "JsonApiClient", "JsonApiClient.csproj", "{ED0862E5-9A58-42EE-8C5D-C9C1D9D04580}"
EndProject
Project("{FAE04EC0-301F-11D3-BF4B-00C04F79EFBC}") = "JsonApiClient.Test", "..\JsonApiClient.Test\JsonApiClient.Test.csproj", "{9B91C54A-C429-4C56-877E-B5B57315E082}"
EndProject
Global
	GlobalSection(SolutionConfigurationPlatforms) = preSolution
		Debug|Any CPU = Debug|Any CPU
		Release|Any CPU = Release|Any CPU
	EndGlobalSection
	GlobalSection(ProjectConfigurationPlatforms) = postSolution
		{ED0862E5-9A58-42EE-8C5D-C9C1D9D04580}.Debug|Any CPU.ActiveCfg = Debug|Any CPU
		{ED0862E5-9A58-42EE-8C5D-C9C1D9D04580}.Debug|Any CPU.Build.0 = Debug|Any CPU
		{ED0862E5-9A58-42EE-8C5D-C9C1D9D04580}.Release|Any CPU.ActiveCfg = Release|Any CPU
		{ED0862E5-9A58-42EE-8C5D-C9C1D9D04580}.Release|Any CPU.Build.0 = Release|Any CPU
		{9B91C54A-C429-4C56-877E-B5B57315E082}.Debug|Any CPU.ActiveCfg = Debug|Any CPU
		{9B91C54A-C429-4C56-877E-B5B57315E082}.Debug|Any CPU.Build.0 = Debug|Any CPU
		{9B91C54A-C429-4C56-877E-B5B57315E082}.Release|Any CPU.ActiveCfg = Release|Any CPU
		{9B91C54A-C429-4C56-877E-B5B57315E082}.Release|Any CPU.Build.0 = Release|Any CPU
	EndGlobalSection
	GlobalSection(SolutionProperties) = preSolution
		HideSolutionNode = FALSE
	EndGlobalSection
EndGlobal
